
Microsoft Visual Studio Solution File, Format Version 12.00
# Visual Studio Version 16
VisualStudioVersion = 16.0.30621.155
MinimumVisualStudioVersion = 10.0.40219.1
Project("{9A19103F-16F7-4668-BE54-9A1E7A4F7556}") = "Associative-Arrays", "Associative-Arrays\Associative-Arrays.csproj", "{3905CF25-8C2D-4A61-A976-B8F645E1A670}"
EndProject
Project("{9A19103F-16F7-4668-BE54-9A1E7A4F7556}") = "04.Largest3Nums", "04.Largest3Nums\04.Largest3Nums.csproj", "{5B8676B8-9F49-44FE-A898-AE87776A6EBF}"
EndProject
Project("{9A19103F-16F7-4668-BE54-9A1E7A4F7556}") = "05.WordFilter", "05.WordFilter\05.WordFilter.csproj", "{00E583EA-18F7-43EB-A1DE-F9CDC6F4284C}"
EndProject
Project("{9A19103F-16F7-4668-BE54-9A1E7A4F7556}") = "02.OddOccurrences", "02.OddOccurrences\02.OddOccurrences.csproj", "{E53A7889-8E17-413D-A020-BCED3FD25D8A}"
EndProject
Project("{9A19103F-16F7-4668-BE54-9A1E7A4F7556}") = "01.Ranking", "01.Ranking\01.Ranking.csproj", "{9818C952-3B45-4384-A565-61F493263E5B}"
EndProject
Project("{9A19103F-16F7-4668-BE54-9A1E7A4F7556}") = "01.Chars", "01.Chars\01.Chars.csproj", "{48E4AA80-1F23-465D-A4B1-7FE21C044053}"
EndProject
Project("{9A19103F-16F7-4668-BE54-9A1E7A4F7556}") = "02.AMinorTask", "02.AMinorTask\02.AMinorTask.csproj", "{334E09CF-BE95-4CE6-A068-8B9576F1798A}"
EndProject
Project("{9A19103F-16F7-4668-BE54-9A1E7A4F7556}") = "03.LegendaryFarming", "03.LegendaryFarming\03.LegendaryFarming.csproj", "{72982623-9F4B-44E2-9E08-87FDD529E3C0}"
EndProject
Project("{9A19103F-16F7-4668-BE54-9A1E7A4F7556}") = "04.Orders", "04.Orders\04.Orders.csproj", "{C4F19629-8C36-406A-B231-1141D5BAEA5D}"
EndProject
Project("{9A19103F-16F7-4668-BE54-9A1E7A4F7556}") = "05.SoftUniParking", "05.SoftUniParking\05.SoftUniParking.csproj", "{FBBF229D-7B22-4131-8394-BAB61BB61C14}"
EndProject
Project("{9A19103F-16F7-4668-BE54-9A1E7A4F7556}") = "06.Courses", "06.Courses\06.Courses.csproj", "{7A2431F6-B725-43D8-B40B-AF86FA8DAAA2}"
EndProject
Project("{9A19103F-16F7-4668-BE54-9A1E7A4F7556}") = "07.StudentAcademy", "07.StudentAcademy\07.StudentAcademy.csproj", "{15D5FCB6-F5FE-4DD3-83E0-02E6FE8D01FC}"
EndProject
Project("{9A19103F-16F7-4668-BE54-9A1E7A4F7556}") = "08.CompnayUsers", "08.CompnayUsers\08.CompnayUsers.csproj", "{1559F789-3566-4F94-8A74-4466DFB713BD}"
EndProject
Project("{FAE04EC0-301F-11D3-BF4B-00C04F79EFBC}") = "09.ForceBook", "09.ForceBook\09.ForceBook.csproj", "{221BD056-B5D0-4BD4-9F47-6146436A3895}"
EndProject
Project("{FAE04EC0-301F-11D3-BF4B-00C04F79EFBC}") = "10.SoftUniExamResults", "10.SoftUniExamResults\10.SoftUniExamResults.csproj", "{06E35589-0322-4B12-9FC1-CB03ABF71384}"
EndProject
Project("{FAE04EC0-301F-11D3-BF4B-00C04F79EFBC}") = "02.Judge", "02.Judge\02.Judge.csproj", "{98C25A44-4F3A-4F0F-953C-4336DD6D08A6}"
EndProject
Project("{FAE04EC0-301F-11D3-BF4B-00C04F79EFBC}") = "03.MOBAChallenger", "03.MOBAChallenger\03.MOBAChallenger.csproj", "{7EB8CB81-5FC6-4A22-BB9D-C3E2E740D44E}"
EndProject
Global
	GlobalSection(SolutionConfigurationPlatforms) = preSolution
		Debug|Any CPU = Debug|Any CPU
		Release|Any CPU = Release|Any CPU
	EndGlobalSection
	GlobalSection(ProjectConfigurationPlatforms) = postSolution
		{3905CF25-8C2D-4A61-A976-B8F645E1A670}.Debug|Any CPU.ActiveCfg = Debug|Any CPU
		{3905CF25-8C2D-4A61-A976-B8F645E1A670}.Debug|Any CPU.Build.0 = Debug|Any CPU
		{3905CF25-8C2D-4A61-A976-B8F645E1A670}.Release|Any CPU.ActiveCfg = Release|Any CPU
		{3905CF25-8C2D-4A61-A976-B8F645E1A670}.Release|Any CPU.Build.0 = Release|Any CPU
		{5B8676B8-9F49-44FE-A898-AE87776A6EBF}.Debug|Any CPU.ActiveCfg = Debug|Any CPU
		{5B8676B8-9F49-44FE-A898-AE87776A6EBF}.Debug|Any CPU.Build.0 = Debug|Any CPU
		{5B8676B8-9F49-44FE-A898-AE87776A6EBF}.Release|Any CPU.ActiveCfg = Release|Any CPU
		{5B8676B8-9F49-44FE-A898-AE87776A6EBF}.Release|Any CPU.Build.0 = Release|Any CPU
		{00E583EA-18F7-43EB-A1DE-F9CDC6F4284C}.Debug|Any CPU.ActiveCfg = Debug|Any CPU
		{00E583EA-18F7-43EB-A1DE-F9CDC6F4284C}.Debug|Any CPU.Build.0 = Debug|Any CPU
		{00E583EA-18F7-43EB-A1DE-F9CDC6F4284C}.Release|Any CPU.ActiveCfg = Release|Any CPU
		{00E583EA-18F7-43EB-A1DE-F9CDC6F4284C}.Release|Any CPU.Build.0 = Release|Any CPU
		{E53A7889-8E17-413D-A020-BCED3FD25D8A}.Debug|Any CPU.ActiveCfg = Debug|Any CPU
		{E53A7889-8E17-413D-A020-BCED3FD25D8A}.Debug|Any CPU.Build.0 = Debug|Any CPU
		{E53A7889-8E17-413D-A020-BCED3FD25D8A}.Release|Any CPU.ActiveCfg = Release|Any CPU
		{E53A7889-8E17-413D-A020-BCED3FD25D8A}.Release|Any CPU.Build.0 = Release|Any CPU
		{9818C952-3B45-4384-A565-61F493263E5B}.Debug|Any CPU.ActiveCfg = Debug|Any CPU
		{9818C952-3B45-4384-A565-61F493263E5B}.Debug|Any CPU.Build.0 = Debug|Any CPU
		{9818C952-3B45-4384-A565-61F493263E5B}.Release|Any CPU.ActiveCfg = Release|Any CPU
		{9818C952-3B45-4384-A565-61F493263E5B}.Release|Any CPU.Build.0 = Release|Any CPU
		{48E4AA80-1F23-465D-A4B1-7FE21C044053}.Debug|Any CPU.ActiveCfg = Debug|Any CPU
		{48E4AA80-1F23-465D-A4B1-7FE21C044053}.Debug|Any CPU.Build.0 = Debug|Any CPU
		{48E4AA80-1F23-465D-A4B1-7FE21C044053}.Release|Any CPU.ActiveCfg = Release|Any CPU
		{48E4AA80-1F23-465D-A4B1-7FE21C044053}.Release|Any CPU.Build.0 = Release|Any CPU
		{334E09CF-BE95-4CE6-A068-8B9576F1798A}.Debug|Any CPU.ActiveCfg = Debug|Any CPU
		{334E09CF-BE95-4CE6-A068-8B9576F1798A}.Debug|Any CPU.Build.0 = Debug|Any CPU
		{334E09CF-BE95-4CE6-A068-8B9576F1798A}.Release|Any CPU.ActiveCfg = Release|Any CPU
		{334E09CF-BE95-4CE6-A068-8B9576F1798A}.Release|Any CPU.Build.0 = Release|Any CPU
		{72982623-9F4B-44E2-9E08-87FDD529E3C0}.Debug|Any CPU.ActiveCfg = Debug|Any CPU
		{72982623-9F4B-44E2-9E08-87FDD529E3C0}.Debug|Any CPU.Build.0 = Debug|Any CPU
		{72982623-9F4B-44E2-9E08-87FDD529E3C0}.Release|Any CPU.ActiveCfg = Release|Any CPU
		{72982623-9F4B-44E2-9E08-87FDD529E3C0}.Release|Any CPU.Build.0 = Release|Any CPU
		{C4F19629-8C36-406A-B231-1141D5BAEA5D}.Debug|Any CPU.ActiveCfg = Debug|Any CPU
		{C4F19629-8C36-406A-B231-1141D5BAEA5D}.Debug|Any CPU.Build.0 = Debug|Any CPU
		{C4F19629-8C36-406A-B231-1141D5BAEA5D}.Release|Any CPU.ActiveCfg = Release|Any CPU
		{C4F19629-8C36-406A-B231-1141D5BAEA5D}.Release|Any CPU.Build.0 = Release|Any CPU
		{FBBF229D-7B22-4131-8394-BAB61BB61C14}.Debug|Any CPU.ActiveCfg = Debug|Any CPU
		{FBBF229D-7B22-4131-8394-BAB61BB61C14}.Debug|Any CPU.Build.0 = Debug|Any CPU
		{FBBF229D-7B22-4131-8394-BAB61BB61C14}.Release|Any CPU.ActiveCfg = Release|Any CPU
		{FBBF229D-7B22-4131-8394-BAB61BB61C14}.Release|Any CPU.Build.0 = Release|Any CPU
		{7A2431F6-B725-43D8-B40B-AF86FA8DAAA2}.Debug|Any CPU.ActiveCfg = Debug|Any CPU
		{7A2431F6-B725-43D8-B40B-AF86FA8DAAA2}.Debug|Any CPU.Build.0 = Debug|Any CPU
		{7A2431F6-B725-43D8-B40B-AF86FA8DAAA2}.Release|Any CPU.ActiveCfg = Release|Any CPU
		{7A2431F6-B725-43D8-B40B-AF86FA8DAAA2}.Release|Any CPU.Build.0 = Release|Any CPU
		{15D5FCB6-F5FE-4DD3-83E0-02E6FE8D01FC}.Debug|Any CPU.ActiveCfg = Debug|Any CPU
		{15D5FCB6-F5FE-4DD3-83E0-02E6FE8D01FC}.Debug|Any CPU.Build.0 = Debug|Any CPU
		{15D5FCB6-F5FE-4DD3-83E0-02E6FE8D01FC}.Release|Any CPU.ActiveCfg = Release|Any CPU
		{15D5FCB6-F5FE-4DD3-83E0-02E6FE8D01FC}.Release|Any CPU.Build.0 = Release|Any CPU
		{1559F789-3566-4F94-8A74-4466DFB713BD}.Debug|Any CPU.ActiveCfg = Debug|Any CPU
		{1559F789-3566-4F94-8A74-4466DFB713BD}.Debug|Any CPU.Build.0 = Debug|Any CPU
		{1559F789-3566-4F94-8A74-4466DFB713BD}.Release|Any CPU.ActiveCfg = Release|Any CPU
		{1559F789-3566-4F94-8A74-4466DFB713BD}.Release|Any CPU.Build.0 = Release|Any CPU
		{221BD056-B5D0-4BD4-9F47-6146436A3895}.Debug|Any CPU.ActiveCfg = Debug|Any CPU
		{221BD056-B5D0-4BD4-9F47-6146436A3895}.Debug|Any CPU.Build.0 = Debug|Any CPU
		{221BD056-B5D0-4BD4-9F47-6146436A3895}.Release|Any CPU.ActiveCfg = Release|Any CPU
		{221BD056-B5D0-4BD4-9F47-6146436A3895}.Release|Any CPU.Build.0 = Release|Any CPU
		{06E35589-0322-4B12-9FC1-CB03ABF71384}.Debug|Any CPU.ActiveCfg = Debug|Any CPU
		{06E35589-0322-4B12-9FC1-CB03ABF71384}.Debug|Any CPU.Build.0 = Debug|Any CPU
		{06E35589-0322-4B12-9FC1-CB03ABF71384}.Release|Any CPU.ActiveCfg = Release|Any CPU
		{06E35589-0322-4B12-9FC1-CB03ABF71384}.Release|Any CPU.Build.0 = Release|Any CPU
		{98C25A44-4F3A-4F0F-953C-4336DD6D08A6}.Debug|Any CPU.ActiveCfg = Debug|Any CPU
		{98C25A44-4F3A-4F0F-953C-4336DD6D08A6}.Debug|Any CPU.Build.0 = Debug|Any CPU
		{98C25A44-4F3A-4F0F-953C-4336DD6D08A6}.Release|Any CPU.ActiveCfg = Release|Any CPU
		{98C25A44-4F3A-4F0F-953C-4336DD6D08A6}.Release|Any CPU.Build.0 = Release|Any CPU
		{7EB8CB81-5FC6-4A22-BB9D-C3E2E740D44E}.Debug|Any CPU.ActiveCfg = Debug|Any CPU
		{7EB8CB81-5FC6-4A22-BB9D-C3E2E740D44E}.Debug|Any CPU.Build.0 = Debug|Any CPU
		{7EB8CB81-5FC6-4A22-BB9D-C3E2E740D44E}.Release|Any CPU.ActiveCfg = Release|Any CPU
		{7EB8CB81-5FC6-4A22-BB9D-C3E2E740D44E}.Release|Any CPU.Build.0 = Release|Any CPU
	EndGlobalSection
	GlobalSection(SolutionProperties) = preSolution
		HideSolutionNode = FALSE
	EndGlobalSection
	GlobalSection(ExtensibilityGlobals) = postSolution
		SolutionGuid = {D08862CC-7999-4E6E-917D-A6B2E3AA497A}
	EndGlobalSection
EndGlobal
